
Microsoft Visual Studio Solution File, Format Version 12.00
# Visual Studio 2013
VisualStudioVersion = 12.0.40629.0
MinimumVisualStudioVersion = 10.0.40219.1
Project("{00D1A9C2-B5F0-4AF3-8072-F6C62B433612}") = "PortalDeFluxos.NOTIF.BD", "PortalDeFluxos.NOTIF.BD\PortalDeFluxos.NOTIF.BD.sqlproj", "{8082BE28-DC45-420B-9FCB-65EDCEA8D8D6}"
EndProject
Project("{FAE04EC0-301F-11D3-BF4B-00C04F79EFBC}") = "PortalDeFluxos.NOTIF.BLL", "PortalDeFluxos.NOTIF.BLL\PortalDeFluxos.NOTIF.BLL.csproj", "{6600CEFC-C581-4019-A2B3-721040123C86}"
EndProject
Project("{FAE04EC0-301F-11D3-BF4B-00C04F79EFBC}") = "PortalDeFluxos.NOTIF.Scripts", "PortalDeFluxos.NOTIF.Scripts\PortalDeFluxos.NOTIF.Scripts.csproj", "{B7054478-19B3-4563-BC69-68446E59505A}"
EndProject
Project("{FAE04EC0-301F-11D3-BF4B-00C04F79EFBC}") = "PortalDeFluxos.NOTIF.SP", "PortalDeFluxos.NOTIF.SP\PortalDeFluxos.NOTIF.SP.csproj", "{D1582C6C-9F41-4263-9F26-65FF8047B783}"
EndProject
Project("{FAE04EC0-301F-11D3-BF4B-00C04F79EFBC}") = "PortalDeFluxos.NOTIF.Teste", "PortalDeFluxos.NOTIF.Teste\PortalDeFluxos.NOTIF.Teste.csproj", "{BDD87809-04A7-468E-B441-AD458F6FC266}"
EndProject
Global
	GlobalSection(TeamFoundationVersionControl) = preSolution
		SccNumberOfProjects = 6
		SccEnterpriseProvider = {4CA58AB2-18FA-4F8D-95D4-32DDF27D184C}
		SccTeamFoundationServer = https://tfs2013.iteris.com.br/tfs/iteris%20-%20clientes
		SccProjectUniqueName0 = PortalDeFluxos.NOTIF.BD\\PortalDeFluxos.NOTIF.BD.sqlproj
		SccProjectName0 = PortalDeFluxos.NOTIF.BD
		SccLocalPath0 = PortalDeFluxos.NOTIF.BD
		SccLocalPath1 = .
		SccProjectUniqueName2 = PortalDeFluxos.NOTIF.BLL\\PortalDeFluxos.NOTIF.BLL.csproj
		SccProjectName2 = PortalDeFluxos.NOTIF.BLL
		SccLocalPath2 = PortalDeFluxos.NOTIF.BLL
		SccProjectUniqueName3 = PortalDeFluxos.NOTIF.Scripts\\PortalDeFluxos.NOTIF.Scripts.csproj
		SccProjectName3 = PortalDeFluxos.NOTIF.Scripts
		SccLocalPath3 = PortalDeFluxos.NOTIF.Scripts
		SccProjectUniqueName4 = PortalDeFluxos.NOTIF.SP\\PortalDeFluxos.NOTIF.SP.csproj
		SccProjectName4 = PortalDeFluxos.NOTIF.SP
		SccLocalPath4 = PortalDeFluxos.NOTIF.SP
		SccProjectUniqueName5 = PortalDeFluxos.NOTIF.Teste\\PortalDeFluxos.NOTIF.Teste.csproj
		SccProjectName5 = PortalDeFluxos.NOTIF.Teste
		SccLocalPath5 = PortalDeFluxos.NOTIF.Teste
	EndGlobalSection
	GlobalSection(SolutionConfigurationPlatforms) = preSolution
		Debug|Any CPU = Debug|Any CPU
		Release|Any CPU = Release|Any CPU
	EndGlobalSection
	GlobalSection(ProjectConfigurationPlatforms) = postSolution
		{8082BE28-DC45-420B-9FCB-65EDCEA8D8D6}.Debug|Any CPU.ActiveCfg = Debug|Any CPU
		{8082BE28-DC45-420B-9FCB-65EDCEA8D8D6}.Debug|Any CPU.Build.0 = Debug|Any CPU
		{8082BE28-DC45-420B-9FCB-65EDCEA8D8D6}.Debug|Any CPU.Deploy.0 = Debug|Any CPU
		{8082BE28-DC45-420B-9FCB-65EDCEA8D8D6}.Release|Any CPU.ActiveCfg = Release|Any CPU
		{8082BE28-DC45-420B-9FCB-65EDCEA8D8D6}.Release|Any CPU.Build.0 = Release|Any CPU
		{8082BE28-DC45-420B-9FCB-65EDCEA8D8D6}.Release|Any CPU.Deploy.0 = Release|Any CPU
		{6600CEFC-C581-4019-A2B3-721040123C86}.Debug|Any CPU.ActiveCfg = Debug|Any CPU
		{6600CEFC-C581-4019-A2B3-721040123C86}.Debug|Any CPU.Build.0 = Debug|Any CPU
		{6600CEFC-C581-4019-A2B3-721040123C86}.Release|Any CPU.ActiveCfg = Release|Any CPU
		{6600CEFC-C581-4019-A2B3-721040123C86}.Release|Any CPU.Build.0 = Release|Any CPU
		{B7054478-19B3-4563-BC69-68446E59505A}.Debug|Any CPU.ActiveCfg = Debug|Any CPU
		{B7054478-19B3-4563-BC69-68446E59505A}.Debug|Any CPU.Build.0 = Debug|Any CPU
		{B7054478-19B3-4563-BC69-68446E59505A}.Release|Any CPU.ActiveCfg = Release|Any CPU
		{B7054478-19B3-4563-BC69-68446E59505A}.Release|Any CPU.Build.0 = Release|Any CPU
		{D1582C6C-9F41-4263-9F26-65FF8047B783}.Debug|Any CPU.ActiveCfg = Debug|Any CPU
		{D1582C6C-9F41-4263-9F26-65FF8047B783}.Debug|Any CPU.Build.0 = Debug|Any CPU
		{D1582C6C-9F41-4263-9F26-65FF8047B783}.Debug|Any CPU.Deploy.0 = Debug|Any CPU
		{D1582C6C-9F41-4263-9F26-65FF8047B783}.Release|Any CPU.ActiveCfg = Release|Any CPU
		{D1582C6C-9F41-4263-9F26-65FF8047B783}.Release|Any CPU.Build.0 = Release|Any CPU
		{D1582C6C-9F41-4263-9F26-65FF8047B783}.Release|Any CPU.Deploy.0 = Release|Any CPU
		{BDD87809-04A7-468E-B441-AD458F6FC266}.Debug|Any CPU.ActiveCfg = Debug|Any CPU
		{BDD87809-04A7-468E-B441-AD458F6FC266}.Debug|Any CPU.Build.0 = Debug|Any CPU
		{BDD87809-04A7-468E-B441-AD458F6FC266}.Release|Any CPU.ActiveCfg = Release|Any CPU
		{BDD87809-04A7-468E-B441-AD458F6FC266}.Release|Any CPU.Build.0 = Release|Any CPU
	EndGlobalSection
	GlobalSection(SolutionProperties) = preSolution
		HideSolutionNode = FALSE
	EndGlobalSection
EndGlobal
